
Microsoft Visual Studio Solution File, Format Version 12.00
# Visual Studio Version 16
VisualStudioVersion = 16.0.30517.126
MinimumVisualStudioVersion = 10.0.40219.1
Project("{FAE04EC0-301F-11D3-BF4B-00C04F79EFBC}") = "bitcoinBulbularoe", "bitcoinBulbularoe\bitcoinBulbularoe.csproj", "{44692642-6BF7-4DB1-A848-4E65D9C65B1B}"
EndProject
Global
	GlobalSection(SolutionConfigurationPlatforms) = preSolution
		Debug|Any CPU = Debug|Any CPU
		Release|Any CPU = Release|Any CPU
	EndGlobalSection
	GlobalSection(ProjectConfigurationPlatforms) = postSolution
		{44692642-6BF7-4DB1-A848-4E65D9C65B1B}.Debug|Any CPU.ActiveCfg = Debug|Any CPU
		{44692642-6BF7-4DB1-A848-4E65D9C65B1B}.Debug|Any CPU.Build.0 = Debug|Any CPU
		{44692642-6BF7-4DB1-A848-4E65D9C65B1B}.Release|Any CPU.ActiveCfg = Release|Any CPU
		{44692642-6BF7-4DB1-A848-4E65D9C65B1B}.Release|Any CPU.Build.0 = Release|Any CPU
	EndGlobalSection
	GlobalSection(SolutionProperties) = preSolution
		HideSolutionNode = FALSE
	EndGlobalSection
	GlobalSection(ExtensibilityGlobals) = postSolution
		SolutionGuid = {35BB2963-D642-43C0-B5D7-2F780A904F0F}
	EndGlobalSection
EndGlobal
